
Microsoft Visual Studio Solution File, Format Version 12.00
# Visual Studio Version 17
VisualStudioVersion = 17.1.32228.430
MinimumVisualStudioVersion = 10.0.40219.1
Project("{2150E333-8FDC-42A3-9474-1A3956D46DE8}") = "src", "src", "{E4097F1C-4454-48A0-802E-D953CEA43F14}"
EndProject
Project("{2150E333-8FDC-42A3-9474-1A3956D46DE8}") = "test", "test", "{7DB636F0-6EE6-4CE9-80A7-8A6D908612DA}"
EndProject
Project("{9A19103F-16F7-4668-BE54-9A1E7A4F7556}") = "CNAB.Importer.API", "src\CNAB.Importer.API\CNAB.Importer.API.csproj", "{4C7E1617-B644-4F98-AE60-5147F7DBBDD0}"
EndProject
Project("{9A19103F-16F7-4668-BE54-9A1E7A4F7556}") = "CNAB.Importer.UnitTests", "test\CNAB.Importer.UnitTests\CNAB.Importer.UnitTests.csproj", "{904E9C59-3264-417F-A8F2-B02D63C62167}"
EndProject
Global
	GlobalSection(SolutionConfigurationPlatforms) = preSolution
		Debug|Any CPU = Debug|Any CPU
		Release|Any CPU = Release|Any CPU
	EndGlobalSection
	GlobalSection(ProjectConfigurationPlatforms) = postSolution
		{4C7E1617-B644-4F98-AE60-5147F7DBBDD0}.Debug|Any CPU.ActiveCfg = Debug|Any CPU
		{4C7E1617-B644-4F98-AE60-5147F7DBBDD0}.Debug|Any CPU.Build.0 = Debug|Any CPU
		{4C7E1617-B644-4F98-AE60-5147F7DBBDD0}.Release|Any CPU.ActiveCfg = Release|Any CPU
		{4C7E1617-B644-4F98-AE60-5147F7DBBDD0}.Release|Any CPU.Build.0 = Release|Any CPU
		{904E9C59-3264-417F-A8F2-B02D63C62167}.Debug|Any CPU.ActiveCfg = Debug|Any CPU
		{904E9C59-3264-417F-A8F2-B02D63C62167}.Debug|Any CPU.Build.0 = Debug|Any CPU
		{904E9C59-3264-417F-A8F2-B02D63C62167}.Release|Any CPU.ActiveCfg = Release|Any CPU
		{904E9C59-3264-417F-A8F2-B02D63C62167}.Release|Any CPU.Build.0 = Release|Any CPU
	EndGlobalSection
	GlobalSection(SolutionProperties) = preSolution
		HideSolutionNode = FALSE
	EndGlobalSection
	GlobalSection(NestedProjects) = preSolution
		{4C7E1617-B644-4F98-AE60-5147F7DBBDD0} = {E4097F1C-4454-48A0-802E-D953CEA43F14}
		{904E9C59-3264-417F-A8F2-B02D63C62167} = {7DB636F0-6EE6-4CE9-80A7-8A6D908612DA}
	EndGlobalSection
	GlobalSection(ExtensibilityGlobals) = postSolution
		SolutionGuid = {ABE76909-1B29-48DF-9094-668591D3FDDD}
	EndGlobalSection
EndGlobal
